
Microsoft Visual Studio Solution File, Format Version 12.00
# Visual Studio 15
VisualStudioVersion = 15.0.28010.2019
MinimumVisualStudioVersion = 10.0.40219.1
Project("{FAE04EC0-301F-11D3-BF4B-00C04F79EFBC}") = "caro_Project_CShape", "caro_Project_CShape\caro_Project_CShape.csproj", "{65C1688C-B5A5-4CBA-ACF7-3EF5E581D4CE}"
EndProject
Project("{54435603-DBB4-11D2-8724-00A0C9A8B90C}") = "setupCaroGame", "setupCaroGame\setupCaroGame.vdproj", "{317CB21B-F29F-48C3-B8A8-EB049FED5581}"
EndProject
Global
	GlobalSection(SolutionConfigurationPlatforms) = preSolution
		Debug|Any CPU = Debug|Any CPU
		Release|Any CPU = Release|Any CPU
	EndGlobalSection
	GlobalSection(ProjectConfigurationPlatforms) = postSolution
		{65C1688C-B5A5-4CBA-ACF7-3EF5E581D4CE}.Debug|Any CPU.ActiveCfg = Debug|Any CPU
		{65C1688C-B5A5-4CBA-ACF7-3EF5E581D4CE}.Debug|Any CPU.Build.0 = Debug|Any CPU
		{65C1688C-B5A5-4CBA-ACF7-3EF5E581D4CE}.Release|Any CPU.ActiveCfg = Release|Any CPU
		{65C1688C-B5A5-4CBA-ACF7-3EF5E581D4CE}.Release|Any CPU.Build.0 = Release|Any CPU
		{317CB21B-F29F-48C3-B8A8-EB049FED5581}.Debug|Any CPU.ActiveCfg = Debug
		{317CB21B-F29F-48C3-B8A8-EB049FED5581}.Release|Any CPU.ActiveCfg = Release
	EndGlobalSection
	GlobalSection(SolutionProperties) = preSolution
		HideSolutionNode = FALSE
	EndGlobalSection
	GlobalSection(ExtensibilityGlobals) = postSolution
		SolutionGuid = {D90FA8A4-841E-4386-A1F1-D4B083BACA40}
	EndGlobalSection
EndGlobal
